// !$*UTF8*$!
{
	archiveVersion = 1;
	classes = {
	};
	objectVersion = 50;
	objects = {

/* Begin PBXBuildFile section */
		1CD95C94794FAA9F8888E04E /* Pods_8_Ball_Without_Actual_Ball.framework in Frameworks */ = {isa = PBXBuildFile; fileRef = 6331A11A71607C3D91D7180C /* Pods_8_Ball_Without_Actual_Ball.framework */; };
		A703A48327393FD0005F9018 /* ShakeAPIService.swift in Sources */ = {isa = PBXBuildFile; fileRef = A703A48227393FD0005F9018 /* ShakeAPIService.swift */; };
		A703A48527394D05005F9018 /* Protocols.swift in Sources */ = {isa = PBXBuildFile; fileRef = A703A48427394D05005F9018 /* Protocols.swift */; };
		A703A4892739BA6F005F9018 /* Wireframe.swift in Sources */ = {isa = PBXBuildFile; fileRef = A703A4882739BA6F005F9018 /* Wireframe.swift */; };
		A76CC8C227441EA6002BB1F4 /* SettingsViewModel.swift in Sources */ = {isa = PBXBuildFile; fileRef = A76CC8C127441EA6002BB1F4 /* SettingsViewModel.swift */; };
		A76CC8C427442517002BB1F4 /* SettingsModel.swift in Sources */ = {isa = PBXBuildFile; fileRef = A76CC8C327442517002BB1F4 /* SettingsModel.swift */; };
		A780B211273EADE0008E49C9 /* XCAssets+Generated.swift in Sources */ = {isa = PBXBuildFile; fileRef = A780B210273EADE0008E49C9 /* XCAssets+Generated.swift */; };
		A780B213273EB8D7008E49C9 /* Storyboard Segues.swift in Sources */ = {isa = PBXBuildFile; fileRef = A780B212273EB8D7008E49C9 /* Storyboard Segues.swift */; };
		A780B217273EBF70008E49C9 /* Strings+Generated.swift in Sources */ = {isa = PBXBuildFile; fileRef = A780B216273EBF70008E49C9 /* Strings+Generated.swift */; };
		A780B220273EC471008E49C9 /* InfoPlist.strings in Resources */ = {isa = PBXBuildFile; fileRef = A780B21E273EC471008E49C9 /* InfoPlist.strings */; };
		A780B222273EC555008E49C9 /* Storyboard Scenes.swift in Sources */ = {isa = PBXBuildFile; fileRef = A780B221273EC555008E49C9 /* Storyboard Scenes.swift */; };
		A789C3EC27419ECC00F84E21 /* ShakeViewModel.swift in Sources */ = {isa = PBXBuildFile; fileRef = A789C3EB27419ECC00F84E21 /* ShakeViewModel.swift */; };
		A789C3EE2741CFC700F84E21 /* Answer.swift in Sources */ = {isa = PBXBuildFile; fileRef = A789C3ED2741CFC700F84E21 /* Answer.swift */; };
		A789C3F02741D1C500F84E21 /* PresentableAnswer.swift in Sources */ = {isa = PBXBuildFile; fileRef = A789C3EF2741D1C500F84E21 /* PresentableAnswer.swift */; };
		A7D69BDA2746FD82005DBCAA /* swiftgen.yml in Resources */ = {isa = PBXBuildFile; fileRef = A7D69BD92746FD82005DBCAA /* swiftgen.yml */; };
		A7E8AC7C271AC3D500D969B4 /* AppDelegate.swift in Sources */ = {isa = PBXBuildFile; fileRef = A7E8AC7B271AC3D500D969B4 /* AppDelegate.swift */; };
		A7E8AC80271AC3D500D969B4 /* ShakeViewController.swift in Sources */ = {isa = PBXBuildFile; fileRef = A7E8AC7F271AC3D500D969B4 /* ShakeViewController.swift */; };
		A7E8AC83271AC3D500D969B4 /* Main.storyboard in Resources */ = {isa = PBXBuildFile; fileRef = A7E8AC81271AC3D500D969B4 /* Main.storyboard */; };
		A7E8AC85271AC3D600D969B4 /* Assets.xcassets in Resources */ = {isa = PBXBuildFile; fileRef = A7E8AC84271AC3D600D969B4 /* Assets.xcassets */; };
		A7E8AC88271AC3D600D969B4 /* LaunchScreen.storyboard in Resources */ = {isa = PBXBuildFile; fileRef = A7E8AC86271AC3D600D969B4 /* LaunchScreen.storyboard */; };
		A7E8AC92271B281700D969B4 /* AnswerModel.swift in Sources */ = {isa = PBXBuildFile; fileRef = A7E8AC91271B281700D969B4 /* AnswerModel.swift */; };
		A7E8AC94271B2C3A00D969B4 /* ManagedAnswer.swift in Sources */ = {isa = PBXBuildFile; fileRef = A7E8AC93271B2C3A00D969B4 /* ManagedAnswer.swift */; };
		A7E8AC96271C373A00D969B4 /* SettingsViewController.swift in Sources */ = {isa = PBXBuildFile; fileRef = A7E8AC95271C373A00D969B4 /* SettingsViewController.swift */; };
		A7E8AC9F271C883700D969B4 /* ShakeModel.swift in Sources */ = {isa = PBXBuildFile; fileRef = A7E8AC9E271C883700D969B4 /* ShakeModel.swift */; };
/* End PBXBuildFile section */

/* Begin PBXFileReference section */
		6331A11A71607C3D91D7180C /* Pods_8_Ball_Without_Actual_Ball.framework */ = {isa = PBXFileReference; explicitFileType = wrapper.framework; includeInIndex = 0; path = Pods_8_Ball_Without_Actual_Ball.framework; sourceTree = BUILT_PRODUCTS_DIR; };
		A703A48227393FD0005F9018 /* ShakeAPIService.swift */ = {isa = PBXFileReference; lastKnownFileType = sourcecode.swift; path = ShakeAPIService.swift; sourceTree = "<group>"; };
		A703A48427394D05005F9018 /* Protocols.swift */ = {isa = PBXFileReference; lastKnownFileType = sourcecode.swift; path = Protocols.swift; sourceTree = "<group>"; };
		A703A4882739BA6F005F9018 /* Wireframe.swift */ = {isa = PBXFileReference; lastKnownFileType = sourcecode.swift; path = Wireframe.swift; sourceTree = "<group>"; };
		A76CC8C127441EA6002BB1F4 /* SettingsViewModel.swift */ = {isa = PBXFileReference; lastKnownFileType = sourcecode.swift; path = SettingsViewModel.swift; sourceTree = "<group>"; };
		A76CC8C327442517002BB1F4 /* SettingsModel.swift */ = {isa = PBXFileReference; lastKnownFileType = sourcecode.swift; path = SettingsModel.swift; sourceTree = "<group>"; };
		A780B210273EADE0008E49C9 /* XCAssets+Generated.swift */ = {isa = PBXFileReference; fileEncoding = 4; lastKnownFileType = sourcecode.swift; path = "XCAssets+Generated.swift"; sourceTree = "<group>"; };
		A780B212273EB8D7008E49C9 /* Storyboard Segues.swift */ = {isa = PBXFileReference; fileEncoding = 4; lastKnownFileType = sourcecode.swift; path = "Storyboard Segues.swift"; sourceTree = "<group>"; };
		A780B216273EBF70008E49C9 /* Strings+Generated.swift */ = {isa = PBXFileReference; fileEncoding = 4; lastKnownFileType = sourcecode.swift; path = "Strings+Generated.swift"; sourceTree = "<group>"; };
		A780B21F273EC471008E49C9 /* Base */ = {isa = PBXFileReference; lastKnownFileType = text.plist.strings; name = Base; path = Base.lproj/InfoPlist.strings; sourceTree = "<group>"; };
		A780B221273EC555008E49C9 /* Storyboard Scenes.swift */ = {isa = PBXFileReference; fileEncoding = 4; lastKnownFileType = sourcecode.swift; path = "Storyboard Scenes.swift"; sourceTree = "<group>"; };
		A789C3EB27419ECC00F84E21 /* ShakeViewModel.swift */ = {isa = PBXFileReference; lastKnownFileType = sourcecode.swift; path = ShakeViewModel.swift; sourceTree = "<group>"; };
		A789C3ED2741CFC700F84E21 /* Answer.swift */ = {isa = PBXFileReference; lastKnownFileType = sourcecode.swift; path = Answer.swift; sourceTree = "<group>"; };
		A789C3EF2741D1C500F84E21 /* PresentableAnswer.swift */ = {isa = PBXFileReference; lastKnownFileType = sourcecode.swift; path = PresentableAnswer.swift; sourceTree = "<group>"; };
		A7D69BD92746FD82005DBCAA /* swiftgen.yml */ = {isa = PBXFileReference; fileEncoding = 4; lastKnownFileType = text.yaml; path = swiftgen.yml; sourceTree = "<group>"; };
		A7E8AC78271AC3D500D969B4 /* 8-Ball Without Actual Ball.app */ = {isa = PBXFileReference; explicitFileType = wrapper.application; includeInIndex = 0; path = "8-Ball Without Actual Ball.app"; sourceTree = BUILT_PRODUCTS_DIR; };
		A7E8AC7B271AC3D500D969B4 /* AppDelegate.swift */ = {isa = PBXFileReference; lastKnownFileType = sourcecode.swift; path = AppDelegate.swift; sourceTree = "<group>"; };
		A7E8AC7F271AC3D500D969B4 /* ShakeViewController.swift */ = {isa = PBXFileReference; lastKnownFileType = sourcecode.swift; path = ShakeViewController.swift; sourceTree = "<group>"; };
		A7E8AC82271AC3D500D969B4 /* Base */ = {isa = PBXFileReference; lastKnownFileType = file.storyboard; name = Base; path = Base.lproj/Main.storyboard; sourceTree = "<group>"; };
		A7E8AC84271AC3D600D969B4 /* Assets.xcassets */ = {isa = PBXFileReference; lastKnownFileType = folder.assetcatalog; path = Assets.xcassets; sourceTree = "<group>"; };
		A7E8AC87271AC3D600D969B4 /* Base */ = {isa = PBXFileReference; lastKnownFileType = file.storyboard; name = Base; path = Base.lproj/LaunchScreen.storyboard; sourceTree = "<group>"; };
		A7E8AC89271AC3D600D969B4 /* Info.plist */ = {isa = PBXFileReference; lastKnownFileType = text.plist.xml; path = Info.plist; sourceTree = "<group>"; };
		A7E8AC91271B281700D969B4 /* AnswerModel.swift */ = {isa = PBXFileReference; lastKnownFileType = sourcecode.swift; path = AnswerModel.swift; sourceTree = "<group>"; };
		A7E8AC93271B2C3A00D969B4 /* ManagedAnswer.swift */ = {isa = PBXFileReference; lastKnownFileType = sourcecode.swift; path = ManagedAnswer.swift; sourceTree = "<group>"; };
		A7E8AC95271C373A00D969B4 /* SettingsViewController.swift */ = {isa = PBXFileReference; lastKnownFileType = sourcecode.swift; path = SettingsViewController.swift; sourceTree = "<group>"; };
		A7E8AC9E271C883700D969B4 /* ShakeModel.swift */ = {isa = PBXFileReference; lastKnownFileType = sourcecode.swift; path = ShakeModel.swift; sourceTree = "<group>"; };
		B3669EDDA4F7EA11F1EA5578 /* Pods-8-Ball Without Actual Ball.debug.xcconfig */ = {isa = PBXFileReference; includeInIndex = 1; lastKnownFileType = text.xcconfig; name = "Pods-8-Ball Without Actual Ball.debug.xcconfig"; path = "Target Support Files/Pods-8-Ball Without Actual Ball/Pods-8-Ball Without Actual Ball.debug.xcconfig"; sourceTree = "<group>"; };
		C24FBE179F538E5F222E6D5E /* Pods-8-Ball Without Actual Ball.release.xcconfig */ = {isa = PBXFileReference; includeInIndex = 1; lastKnownFileType = text.xcconfig; name = "Pods-8-Ball Without Actual Ball.release.xcconfig"; path = "Target Support Files/Pods-8-Ball Without Actual Ball/Pods-8-Ball Without Actual Ball.release.xcconfig"; sourceTree = "<group>"; };
/* End PBXFileReference section */

/* Begin PBXFrameworksBuildPhase section */
		A7E8AC75271AC3D500D969B4 /* Frameworks */ = {
			isa = PBXFrameworksBuildPhase;
			buildActionMask = 2147483647;
			files = (
				1CD95C94794FAA9F8888E04E /* Pods_8_Ball_Without_Actual_Ball.framework in Frameworks */,
			);
			runOnlyForDeploymentPostprocessing = 0;
		};
/* End PBXFrameworksBuildPhase section */

/* Begin PBXGroup section */
		17E9406C8785B9DC0F316AB6 /* Pods */ = {
			isa = PBXGroup;
			children = (
				B3669EDDA4F7EA11F1EA5578 /* Pods-8-Ball Without Actual Ball.debug.xcconfig */,
				C24FBE179F538E5F222E6D5E /* Pods-8-Ball Without Actual Ball.release.xcconfig */,
			);
			path = Pods;
			sourceTree = "<group>";
		};
		1AF60ED0509290425A796BF3 /* Frameworks */ = {
			isa = PBXGroup;
			children = (
				6331A11A71607C3D91D7180C /* Pods_8_Ball_Without_Actual_Ball.framework */,
			);
			name = Frameworks;
			sourceTree = "<group>";
		};
		A76CC8C027441E7A002BB1F4 /* Services */ = {
			isa = PBXGroup;
			children = (
				A703A48227393FD0005F9018 /* ShakeAPIService.swift */,
			);
			name = Services;
			path = ShakeModule;
			sourceTree = "<group>";
		};
		A780B20F273EAC0F008E49C9 /* Generated */ = {
			isa = PBXGroup;
			children = (
				A780B221273EC555008E49C9 /* Storyboard Scenes.swift */,
				A780B216273EBF70008E49C9 /* Strings+Generated.swift */,
				A780B212273EB8D7008E49C9 /* Storyboard Segues.swift */,
				A780B210273EADE0008E49C9 /* XCAssets+Generated.swift */,
			);
			path = Generated;
			sourceTree = "<group>";
		};
		A789C3F12741DA4700F84E21 /* Flows */ = {
			isa = PBXGroup;
			children = (
				A7E8AC98271C5DC000D969B4 /* Shake */,
				A789C3F22741DA6400F84E21 /* Settings */,
			);
			name = Flows;
			path = ShakeModule;
			sourceTree = "<group>";
		};
		A789C3F22741DA6400F84E21 /* Settings */ = {
			isa = PBXGroup;
			children = (
				A7E8AC95271C373A00D969B4 /* SettingsViewController.swift */,
				A76CC8C127441EA6002BB1F4 /* SettingsViewModel.swift */,
				A76CC8C327442517002BB1F4 /* SettingsModel.swift */,
			);
			name = Settings;
			sourceTree = "<group>";
		};
		A789C3F32741DABA00F84E21 /* Resources */ = {
			isa = PBXGroup;
			children = (
				A780B21E273EC471008E49C9 /* InfoPlist.strings */,
				A7E8AC84271AC3D600D969B4 /* Assets.xcassets */,
				A780B20F273EAC0F008E49C9 /* Generated */,
			);
			path = Resources;
			sourceTree = "<group>";
		};
		A7E8AC6F271AC3D500D969B4 = {
			isa = PBXGroup;
			children = (
				A7D69BD92746FD82005DBCAA /* swiftgen.yml */,
				A7E8AC7A271AC3D500D969B4 /* 8-Ball Without Actual Ball */,
				A7E8AC79271AC3D500D969B4 /* Products */,
				17E9406C8785B9DC0F316AB6 /* Pods */,
				1AF60ED0509290425A796BF3 /* Frameworks */,
			);
			sourceTree = "<group>";
		};
		A7E8AC79271AC3D500D969B4 /* Products */ = {
			isa = PBXGroup;
			children = (
				A7E8AC78271AC3D500D969B4 /* 8-Ball Without Actual Ball.app */,
			);
			name = Products;
			sourceTree = "<group>";
		};
		A7E8AC7A271AC3D500D969B4 /* 8-Ball Without Actual Ball */ = {
			isa = PBXGroup;
			children = (
				A7E8AC7B271AC3D500D969B4 /* AppDelegate.swift */,
				A789C3F12741DA4700F84E21 /* Flows */,
				A703A48427394D05005F9018 /* Protocols.swift */,
				A703A4882739BA6F005F9018 /* Wireframe.swift */,
				A76CC8C027441E7A002BB1F4 /* Services */,
				A789C3F32741DABA00F84E21 /* Resources */,
				A7E8AC97271C5D6F00D969B4 /* Model */,
				A7E8AC81271AC3D500D969B4 /* Main.storyboard */,
				A7E8AC86271AC3D600D969B4 /* LaunchScreen.storyboard */,
				A7E8AC89271AC3D600D969B4 /* Info.plist */,
			);
			path = "8-Ball Without Actual Ball";
			sourceTree = "<group>";
		};
		A7E8AC97271C5D6F00D969B4 /* Model */ = {
			isa = PBXGroup;
			children = (
				A7E8AC91271B281700D969B4 /* AnswerModel.swift */,
				A789C3EF2741D1C500F84E21 /* PresentableAnswer.swift */,
				A789C3ED2741CFC700F84E21 /* Answer.swift */,
				A7E8AC93271B2C3A00D969B4 /* ManagedAnswer.swift */,
			);
			path = Model;
			sourceTree = "<group>";
		};
		A7E8AC98271C5DC000D969B4 /* Shake */ = {
			isa = PBXGroup;
			children = (
				A7E8AC7F271AC3D500D969B4 /* ShakeViewController.swift */,
				A789C3EB27419ECC00F84E21 /* ShakeViewModel.swift */,
				A7E8AC9E271C883700D969B4 /* ShakeModel.swift */,
			);
			name = Shake;
			sourceTree = "<group>";
		};
/* End PBXGroup section */

/* Begin PBXNativeTarget section */
		A7E8AC77271AC3D500D969B4 /* 8-Ball Without Actual Ball */ = {
			isa = PBXNativeTarget;
			buildConfigurationList = A7E8AC8C271AC3D600D969B4 /* Build configuration list for PBXNativeTarget "8-Ball Without Actual Ball" */;
			buildPhases = (
				B9D500FFAF99AC656D611D71 /* [CP] Check Pods Manifest.lock */,
				A7BD19CE273E7E5500554406 /* ShellScript */,
				A7BD19CD273E6FCF00554406 /* ShellScript */,
				A7E8AC74271AC3D500D969B4 /* Sources */,
				A7E8AC75271AC3D500D969B4 /* Frameworks */,
				A7E8AC76271AC3D500D969B4 /* Resources */,
			);
			buildRules = (
			);
			dependencies = (
			);
			name = "8-Ball Without Actual Ball";
			productName = "8-Ball Without Actual Ball";
			productReference = A7E8AC78271AC3D500D969B4 /* 8-Ball Without Actual Ball.app */;
			productType = "com.apple.product-type.application";
		};
/* End PBXNativeTarget section */

/* Begin PBXProject section */
		A7E8AC70271AC3D500D969B4 /* Project object */ = {
			isa = PBXProject;
			attributes = {
				LastSwiftUpdateCheck = 1250;
				LastUpgradeCheck = 1250;
				TargetAttributes = {
					A7E8AC77271AC3D500D969B4 = {
						CreatedOnToolsVersion = 12.5;
					};
				};
			};
			buildConfigurationList = A7E8AC73271AC3D500D969B4 /* Build configuration list for PBXProject "8-Ball Without Actual Ball" */;
			compatibilityVersion = "Xcode 9.3";
			developmentRegion = en;
			hasScannedForEncodings = 0;
			knownRegions = (
				en,
				Base,
			);
			mainGroup = A7E8AC6F271AC3D500D969B4;
			productRefGroup = A7E8AC79271AC3D500D969B4 /* Products */;
			projectDirPath = "";
			projectRoot = "";
			targets = (
				A7E8AC77271AC3D500D969B4 /* 8-Ball Without Actual Ball */,
			);
		};
/* End PBXProject section */

/* Begin PBXResourcesBuildPhase section */
		A7E8AC76271AC3D500D969B4 /* Resources */ = {
			isa = PBXResourcesBuildPhase;
			buildActionMask = 2147483647;
			files = (
				A7E8AC88271AC3D600D969B4 /* LaunchScreen.storyboard in Resources */,
				A7D69BDA2746FD82005DBCAA /* swiftgen.yml in Resources */,
				A7E8AC85271AC3D600D969B4 /* Assets.xcassets in Resources */,
				A7E8AC83271AC3D500D969B4 /* Main.storyboard in Resources */,
				A780B220273EC471008E49C9 /* InfoPlist.strings in Resources */,
			);
			runOnlyForDeploymentPostprocessing = 0;
		};
/* End PBXResourcesBuildPhase section */

/* Begin PBXShellScriptBuildPhase section */
		A7BD19CD273E6FCF00554406 /* ShellScript */ = {
			isa = PBXShellScriptBuildPhase;
			buildActionMask = 2147483647;
			files = (
			);
			inputFileListPaths = (
			);
			inputPaths = (
			);
			outputFileListPaths = (
			);
			outputPaths = (
			);
			runOnlyForDeploymentPostprocessing = 0;
			shellPath = /bin/sh;
			shellScript = "\"${PODS_ROOT}/SwiftLint/swiftlint\"\n";
		};
		A7BD19CE273E7E5500554406 /* ShellScript */ = {
			isa = PBXShellScriptBuildPhase;
			buildActionMask = 8;
			files = (
			);
			inputFileListPaths = (
			);
			inputPaths = (
			);
			outputFileListPaths = (
			);
			outputPaths = (
			);
			runOnlyForDeploymentPostprocessing = 1;
			shellPath = /bin/sh;
			shellScript = "if [[ -f \"${PODS_ROOT}/SwiftGen/bin/swiftgen\" ]]; then\n  \"${PODS_ROOT}/SwiftGen/bin/swiftgen\"\nelse\n  echo \"warning: SwiftGen is not installed. Run 'pod install --repo-update' to install it.\"\nfi \n";
		};
		B9D500FFAF99AC656D611D71 /* [CP] Check Pods Manifest.lock */ = {
			isa = PBXShellScriptBuildPhase;
			buildActionMask = 2147483647;
			files = (
			);
			inputFileListPaths = (
			);
			inputPaths = (
				"${PODS_PODFILE_DIR_PATH}/Podfile.lock",
				"${PODS_ROOT}/Manifest.lock",
			);
			name = "[CP] Check Pods Manifest.lock";
			outputFileListPaths = (
			);
			outputPaths = (
				"$(DERIVED_FILE_DIR)/Pods-8-Ball Without Actual Ball-checkManifestLockResult.txt",
			);
			runOnlyForDeploymentPostprocessing = 0;
			shellPath = /bin/sh;
			shellScript = "diff \"${PODS_PODFILE_DIR_PATH}/Podfile.lock\" \"${PODS_ROOT}/Manifest.lock\" > /dev/null\nif [ $? != 0 ] ; then\n    # print error to STDERR\n    echo \"error: The sandbox is not in sync with the Podfile.lock. Run 'pod install' or update your CocoaPods installation.\" >&2\n    exit 1\nfi\n# This output is used by Xcode 'outputs' to avoid re-running this script phase.\necho \"SUCCESS\" > \"${SCRIPT_OUTPUT_FILE_0}\"\n";
			showEnvVarsInLog = 0;
		};
/* End PBXShellScriptBuildPhase section */

/* Begin PBXSourcesBuildPhase section */
		A7E8AC74271AC3D500D969B4 /* Sources */ = {
			isa = PBXSourcesBuildPhase;
			buildActionMask = 2147483647;
			files = (
				A76CC8C427442517002BB1F4 /* SettingsModel.swift in Sources */,
				A780B222273EC555008E49C9 /* Storyboard Scenes.swift in Sources */,
				A7E8AC96271C373A00D969B4 /* SettingsViewController.swift in Sources */,
				A7E8AC92271B281700D969B4 /* AnswerModel.swift in Sources */,
				A780B217273EBF70008E49C9 /* Strings+Generated.swift in Sources */,
				A7E8AC80271AC3D500D969B4 /* ShakeViewController.swift in Sources */,
				A7E8AC9F271C883700D969B4 /* ShakeModel.swift in Sources */,
				A7E8AC7C271AC3D500D969B4 /* AppDelegate.swift in Sources */,
				A789C3F02741D1C500F84E21 /* PresentableAnswer.swift in Sources */,
				A76CC8C227441EA6002BB1F4 /* SettingsViewModel.swift in Sources */,
				A780B211273EADE0008E49C9 /* XCAssets+Generated.swift in Sources */,
				A703A4892739BA6F005F9018 /* Wireframe.swift in Sources */,
				A789C3EC27419ECC00F84E21 /* ShakeViewModel.swift in Sources */,
				A7E8AC94271B2C3A00D969B4 /* ManagedAnswer.swift in Sources */,
				A703A48327393FD0005F9018 /* ShakeAPIService.swift in Sources */,
				A789C3EE2741CFC700F84E21 /* Answer.swift in Sources */,
				A703A48527394D05005F9018 /* Protocols.swift in Sources */,
				A780B213273EB8D7008E49C9 /* Storyboard Segues.swift in Sources */,
			);
			runOnlyForDeploymentPostprocessing = 0;
		};
/* End PBXSourcesBuildPhase section */

/* Begin PBXVariantGroup section */
		A780B21E273EC471008E49C9 /* InfoPlist.strings */ = {
			isa = PBXVariantGroup;
			children = (
				A780B21F273EC471008E49C9 /* Base */,
			);
			name = InfoPlist.strings;
			sourceTree = "<group>";
		};
		A7E8AC81271AC3D500D969B4 /* Main.storyboard */ = {
			isa = PBXVariantGroup;
			children = (
				A7E8AC82271AC3D500D969B4 /* Base */,
			);
			name = Main.storyboard;
			sourceTree = "<group>";
		};
		A7E8AC86271AC3D600D969B4 /* LaunchScreen.storyboard */ = {
			isa = PBXVariantGroup;
			children = (
				A7E8AC87271AC3D600D969B4 /* Base */,
			);
			name = LaunchScreen.storyboard;
			sourceTree = "<group>";
		};
/* End PBXVariantGroup section */

/* Begin XCBuildConfiguration section */
		A7E8AC8A271AC3D600D969B4 /* Debug */ = {
			isa = XCBuildConfiguration;
			buildSettings = {
				ALWAYS_SEARCH_USER_PATHS = NO;
				CLANG_ANALYZER_NONNULL = YES;
				CLANG_ANALYZER_NUMBER_OBJECT_CONVERSION = YES_AGGRESSIVE;
				CLANG_CXX_LANGUAGE_STANDARD = "gnu++14";
				CLANG_CXX_LIBRARY = "libc++";
				CLANG_ENABLE_MODULES = YES;
				CLANG_ENABLE_OBJC_ARC = YES;
				CLANG_ENABLE_OBJC_WEAK = YES;
				CLANG_WARN_BLOCK_CAPTURE_AUTORELEASING = YES;
				CLANG_WARN_BOOL_CONVERSION = YES;
				CLANG_WARN_COMMA = YES;
				CLANG_WARN_CONSTANT_CONVERSION = YES;
				CLANG_WARN_DEPRECATED_OBJC_IMPLEMENTATIONS = YES;
				CLANG_WARN_DIRECT_OBJC_ISA_USAGE = YES_ERROR;
				CLANG_WARN_DOCUMENTATION_COMMENTS = YES;
				CLANG_WARN_EMPTY_BODY = YES;
				CLANG_WARN_ENUM_CONVERSION = YES;
				CLANG_WARN_INFINITE_RECURSION = YES;
				CLANG_WARN_INT_CONVERSION = YES;
				CLANG_WARN_NON_LITERAL_NULL_CONVERSION = YES;
				CLANG_WARN_OBJC_IMPLICIT_RETAIN_SELF = YES;
				CLANG_WARN_OBJC_LITERAL_CONVERSION = YES;
				CLANG_WARN_OBJC_ROOT_CLASS = YES_ERROR;
				CLANG_WARN_QUOTED_INCLUDE_IN_FRAMEWORK_HEADER = YES;
				CLANG_WARN_RANGE_LOOP_ANALYSIS = YES;
				CLANG_WARN_STRICT_PROTOTYPES = YES;
				CLANG_WARN_SUSPICIOUS_MOVE = YES;
				CLANG_WARN_UNGUARDED_AVAILABILITY = YES_AGGRESSIVE;
				CLANG_WARN_UNREACHABLE_CODE = YES;
				CLANG_WARN__DUPLICATE_METHOD_MATCH = YES;
				COPY_PHASE_STRIP = NO;
				DEBUG_INFORMATION_FORMAT = dwarf;
				ENABLE_STRICT_OBJC_MSGSEND = YES;
				ENABLE_TESTABILITY = YES;
				GCC_C_LANGUAGE_STANDARD = gnu11;
				GCC_DYNAMIC_NO_PIC = NO;
				GCC_NO_COMMON_BLOCKS = YES;
				GCC_OPTIMIZATION_LEVEL = 0;
				GCC_PREPROCESSOR_DEFINITIONS = (
					"DEBUG=1",
					"$(inherited)",
				);
				GCC_WARN_64_TO_32_BIT_CONVERSION = YES;
				GCC_WARN_ABOUT_RETURN_TYPE = YES_ERROR;
				GCC_WARN_UNDECLARED_SELECTOR = YES;
				GCC_WARN_UNINITIALIZED_AUTOS = YES_AGGRESSIVE;
				GCC_WARN_UNUSED_FUNCTION = YES;
				GCC_WARN_UNUSED_VARIABLE = YES;
				IPHONEOS_DEPLOYMENT_TARGET = 13.0;
				MTL_ENABLE_DEBUG_INFO = INCLUDE_SOURCE;
				MTL_FAST_MATH = YES;
				ONLY_ACTIVE_ARCH = YES;
				SDKROOT = iphoneos;
				SWIFT_ACTIVE_COMPILATION_CONDITIONS = DEBUG;
				SWIFT_OPTIMIZATION_LEVEL = "-Onone";
			};
			name = Debug;
		};
		A7E8AC8B271AC3D600D969B4 /* Release */ = {
			isa = XCBuildConfiguration;
			buildSettings = {
				ALWAYS_SEARCH_USER_PATHS = NO;
				CLANG_ANALYZER_NONNULL = YES;
				CLANG_ANALYZER_NUMBER_OBJECT_CONVERSION = YES_AGGRESSIVE;
				CLANG_CXX_LANGUAGE_STANDARD = "gnu++14";
				CLANG_CXX_LIBRARY = "libc++";
				CLANG_ENABLE_MODULES = YES;
				CLANG_ENABLE_OBJC_ARC = YES;
				CLANG_ENABLE_OBJC_WEAK = YES;
				CLANG_WARN_BLOCK_CAPTURE_AUTORELEASING = YES;
				CLANG_WARN_BOOL_CONVERSION = YES;
				CLANG_WARN_COMMA = YES;
				CLANG_WARN_CONSTANT_CONVERSION = YES;
				CLANG_WARN_DEPRECATED_OBJC_IMPLEMENTATIONS = YES;
				CLANG_WARN_DIRECT_OBJC_ISA_USAGE = YES_ERROR;
				CLANG_WARN_DOCUMENTATION_COMMENTS = YES;
				CLANG_WARN_EMPTY_BODY = YES;
				CLANG_WARN_ENUM_CONVERSION = YES;
				CLANG_WARN_INFINITE_RECURSION = YES;
				CLANG_WARN_INT_CONVERSION = YES;
				CLANG_WARN_NON_LITERAL_NULL_CONVERSION = YES;
				CLANG_WARN_OBJC_IMPLICIT_RETAIN_SELF = YES;
				CLANG_WARN_OBJC_LITERAL_CONVERSION = YES;
				CLANG_WARN_OBJC_ROOT_CLASS = YES_ERROR;
				CLANG_WARN_QUOTED_INCLUDE_IN_FRAMEWORK_HEADER = YES;
				CLANG_WARN_RANGE_LOOP_ANALYSIS = YES;
				CLANG_WARN_STRICT_PROTOTYPES = YES;
				CLANG_WARN_SUSPICIOUS_MOVE = YES;
				CLANG_WARN_UNGUARDED_AVAILABILITY = YES_AGGRESSIVE;
				CLANG_WARN_UNREACHABLE_CODE = YES;
				CLANG_WARN__DUPLICATE_METHOD_MATCH = YES;
				COPY_PHASE_STRIP = NO;
				DEBUG_INFORMATION_FORMAT = "dwarf-with-dsym";
				ENABLE_NS_ASSERTIONS = NO;
				ENABLE_STRICT_OBJC_MSGSEND = YES;
				GCC_C_LANGUAGE_STANDARD = gnu11;
				GCC_NO_COMMON_BLOCKS = YES;
				GCC_WARN_64_TO_32_BIT_CONVERSION = YES;
				GCC_WARN_ABOUT_RETURN_TYPE = YES_ERROR;
				GCC_WARN_UNDECLARED_SELECTOR = YES;
				GCC_WARN_UNINITIALIZED_AUTOS = YES_AGGRESSIVE;
				GCC_WARN_UNUSED_FUNCTION = YES;
				GCC_WARN_UNUSED_VARIABLE = YES;
				IPHONEOS_DEPLOYMENT_TARGET = 13.0;
				MTL_ENABLE_DEBUG_INFO = NO;
				MTL_FAST_MATH = YES;
				SDKROOT = iphoneos;
				SWIFT_COMPILATION_MODE = wholemodule;
				SWIFT_OPTIMIZATION_LEVEL = "-O";
				VALIDATE_PRODUCT = YES;
			};
			name = Release;
		};
		A7E8AC8D271AC3D600D969B4 /* Debug */ = {
			isa = XCBuildConfiguration;
			baseConfigurationReference = B3669EDDA4F7EA11F1EA5578 /* Pods-8-Ball Without Actual Ball.debug.xcconfig */;
			buildSettings = {
				ASSETCATALOG_COMPILER_APPICON_NAME = AppIcon;
				ASSETCATALOG_COMPILER_GLOBAL_ACCENT_COLOR_NAME = AccentColor;
				CODE_SIGN_STYLE = Automatic;
				DEVELOPMENT_TEAM = Z99V4XXVDP;
				INFOPLIST_FILE = "8-Ball Without Actual Ball/Info.plist";
				LD_RUNPATH_SEARCH_PATHS = (
					"$(inherited)",
					"@executable_path/Frameworks",
				);
				PRODUCT_BUNDLE_IDENTIFIER = "artemcore.--Ball-Without-Actual-Ball";
				PRODUCT_NAME = "$(TARGET_NAME)";
				SWIFT_VERSION = 5.0;
				TARGETED_DEVICE_FAMILY = "1,2";
			};
			name = Debug;
		};
		A7E8AC8E271AC3D600D969B4 /* Release */ = {
			isa = XCBuildConfiguration;
			baseConfigurationReference = C24FBE179F538E5F222E6D5E /* Pods-8-Ball Without Actual Ball.release.xcconfig */;
			buildSettings = {
				ASSETCATALOG_COMPILER_APPICON_NAME = AppIcon;
				ASSETCATALOG_COMPILER_GLOBAL_ACCENT_COLOR_NAME = AccentColor;
				CODE_SIGN_STYLE = Automatic;
				DEVELOPMENT_TEAM = Z99V4XXVDP;
				INFOPLIST_FILE = "8-Ball Without Actual Ball/Info.plist";
				LD_RUNPATH_SEARCH_PATHS = (
					"$(inherited)",
					"@executable_path/Frameworks",
				);
				PRODUCT_BUNDLE_IDENTIFIER = "artemcore.--Ball-Without-Actual-Ball";
				PRODUCT_NAME = "$(TARGET_NAME)";
				SWIFT_VERSION = 5.0;
				TARGETED_DEVICE_FAMILY = "1,2";
			};
			name = Release;
		};
/* End XCBuildConfiguration section */

/* Begin XCConfigurationList section */
		A7E8AC73271AC3D500D969B4 /* Build configuration list for PBXProject "8-Ball Without Actual Ball" */ = {
			isa = XCConfigurationList;
			buildConfigurations = (
				A7E8AC8A271AC3D600D969B4 /* Debug */,
				A7E8AC8B271AC3D600D969B4 /* Release */,
			);
			defaultConfigurationIsVisible = 0;
			defaultConfigurationName = Release;
		};
		A7E8AC8C271AC3D600D969B4 /* Build configuration list for PBXNativeTarget "8-Ball Without Actual Ball" */ = {
			isa = XCConfigurationList;
			buildConfigurations = (
				A7E8AC8D271AC3D600D969B4 /* Debug */,
				A7E8AC8E271AC3D600D969B4 /* Release */,
			);
			defaultConfigurationIsVisible = 0;
			defaultConfigurationName = Release;
		};
/* End XCConfigurationList section */
	};
	rootObject = A7E8AC70271AC3D500D969B4 /* Project object */;
}
